Microsoft Visual Studio Solution File, Format Version 12.00
# Visual Studio 15
VisualStudioVersion = 15.0.27130.2027
MinimumVisualStudioVersion = 15.0.26124.0
Project("{9A19103F-16F7-4668-BE54-9A1E7A4F7556}") = "blazor.Server", "blazor.Server\blazor.Server.csproj", "{DFF893DA-AC5E-499A-A1CA-951023B5C620}"
EndProject
Project("{9A19103F-16F7-4668-BE54-9A1E7A4F7556}") = "blazor.Client", "blazor.Client\blazor.Client.csproj", "{02DC9B12-D28B-481E-995F-B9378C8CA2E3}"
EndProject
Project("{9A19103F-16F7-4668-BE54-9A1E7A4F7556}") = "blazor.Shared", "blazor.Shared\blazor.Shared.csproj", "{AA1B08DD-4CAF-41FA-87CE-3E8B7B787C11}"
EndProject
Global
	GlobalSection(SolutionConfigurationPlatforms) = preSolution
		Debug|Any CPU = Debug|Any CPU
		Debug|x64 = Debug|x64
		Debug|x86 = Debug|x86
		Release|Any CPU = Release|Any CPU
		Release|x64 = Release|x64
		Release|x86 = Release|x86
	EndGlobalSection
	GlobalSection(ProjectConfigurationPlatforms) = postSolution
		{02DC9B12-D28B-481E-995F-B9378C8CA2E3}.Debug|Any CPU.ActiveCfg = Debug|Any CPU
		{02DC9B12-D28B-481E-995F-B9378C8CA2E3}.Debug|Any CPU.Build.0 = Debug|Any CPU
		{02DC9B12-D28B-481E-995F-B9378C8CA2E3}.Debug|x64.ActiveCfg = Debug|Any CPU
		{02DC9B12-D28B-481E-995F-B9378C8CA2E3}.Debug|x64.Build.0 = Debug|Any CPU
		{02DC9B12-D28B-481E-995F-B9378C8CA2E3}.Debug|x86.ActiveCfg = Debug|Any CPU
		{02DC9B12-D28B-481E-995F-B9378C8CA2E3}.Debug|x86.Build.0 = Debug|Any CPU
		{02DC9B12-D28B-481E-995F-B9378C8CA2E3}.Release|Any CPU.ActiveCfg = Release|Any CPU
		{02DC9B12-D28B-481E-995F-B9378C8CA2E3}.Release|Any CPU.Build.0 = Release|Any CPU
		{02DC9B12-D28B-481E-995F-B9378C8CA2E3}.Release|x64.ActiveCfg = Release|Any CPU
		{02DC9B12-D28B-481E-995F-B9378C8CA2E3}.Release|x64.Build.0 = Release|Any CPU
		{02DC9B12-D28B-481E-995F-B9378C8CA2E3}.Release|x86.ActiveCfg = Release|Any CPU
		{02DC9B12-D28B-481E-995F-B9378C8CA2E3}.Release|x86.Build.0 = Release|Any CPU
		{DFF893DA-AC5E-499A-A1CA-951023B5C620}.Debug|Any CPU.ActiveCfg = Debug|Any CPU
		{DFF893DA-AC5E-499A-A1CA-951023B5C620}.Debug|Any CPU.Build.0 = Debug|Any CPU
		{DFF893DA-AC5E-499A-A1CA-951023B5C620}.Debug|x64.ActiveCfg = Debug|Any CPU
		{DFF893DA-AC5E-499A-A1CA-951023B5C620}.Debug|x64.Build.0 = Debug|Any CPU
		{DFF893DA-AC5E-499A-A1CA-951023B5C620}.Debug|x86.ActiveCfg = Debug|Any CPU
		{DFF893DA-AC5E-499A-A1CA-951023B5C620}.Debug|x86.Build.0 = Debug|Any CPU
		{DFF893DA-AC5E-499A-A1CA-951023B5C620}.Release|Any CPU.ActiveCfg = Release|Any CPU
		{DFF893DA-AC5E-499A-A1CA-951023B5C620}.Release|Any CPU.Build.0 = Release|Any CPU
		{DFF893DA-AC5E-499A-A1CA-951023B5C620}.Release|x64.ActiveCfg = Release|Any CPU
		{DFF893DA-AC5E-499A-A1CA-951023B5C620}.Release|x64.Build.0 = Release|Any CPU
		{DFF893DA-AC5E-499A-A1CA-951023B5C620}.Release|x86.ActiveCfg = Release|Any CPU
		{DFF893DA-AC5E-499A-A1CA-951023B5C620}.Release|x86.Build.0 = Release|Any CPU
		{AA1B08DD-4CAF-41FA-87CE-3E8B7B787C11}.Debug|Any CPU.ActiveCfg = Debug|Any CPU
		{AA1B08DD-4CAF-41FA-87CE-3E8B7B787C11}.Debug|Any CPU.Build.0 = Debug|Any CPU
		{AA1B08DD-4CAF-41FA-87CE-3E8B7B787C11}.Debug|x64.ActiveCfg = Debug|Any CPU
		{AA1B08DD-4CAF-41FA-87CE-3E8B7B787C11}.Debug|x64.Build.0 = Debug|Any CPU
		{AA1B08DD-4CAF-41FA-87CE-3E8B7B787C11}.Debug|x86.ActiveCfg = Debug|Any CPU
		{AA1B08DD-4CAF-41FA-87CE-3E8B7B787C11}.Debug|x86.Build.0 = Debug|Any CPU
		{AA1B08DD-4CAF-41FA-87CE-3E8B7B787C11}.Release|Any CPU.ActiveCfg = Release|Any CPU
		{AA1B08DD-4CAF-41FA-87CE-3E8B7B787C11}.Release|Any CPU.Build.0 = Release|Any CPU
		{AA1B08DD-4CAF-41FA-87CE-3E8B7B787C11}.Release|x64.ActiveCfg = Release|Any CPU
		{AA1B08DD-4CAF-41FA-87CE-3E8B7B787C11}.Release|x64.Build.0 = Release|Any CPU
		{AA1B08DD-4CAF-41FA-87CE-3E8B7B787C11}.Release|x86.ActiveCfg = Release|Any CPU
		{AA1B08DD-4CAF-41FA-87CE-3E8B7B787C11}.Release|x86.Build.0 = Release|Any CPU
	EndGlobalSection
	GlobalSection(SolutionProperties) = preSolution
		HideSolutionNode = FALSE
	EndGlobalSection
	GlobalSection(ExtensibilityGlobals) = postSolution
		SolutionGuid = {9AE7895E-FBAF-4301-B0E5-4EC37377FDB3}
	EndGlobalSection
EndGlobal
